// !$*UTF8*$!
{
	archiveVersion = 1;
	classes = {
	};
	objectVersion = 46;
	objects = {

/* Begin PBXBuildFile section */
		DD8C137219CE3A8C00A6DAE8 /* main.m in Sources */ = {isa = PBXBuildFile; fileRef = DD8C137119CE3A8C00A6DAE8 /* main.m */; };
		DD8C137519CE3A8C00A6DAE8 /* AppDelegate.m in Sources */ = {isa = PBXBuildFile; fileRef = DD8C137419CE3A8C00A6DAE8 /* AppDelegate.m */; };
		DD8C137819CE3A8C00A6DAE8 /* ViewController.m in Sources */ = {isa = PBXBuildFile; fileRef = DD8C137719CE3A8C00A6DAE8 /* ViewController.m */; };
		DD8C137B19CE3A8C00A6DAE8 /* Main.storyboard in Resources */ = {isa = PBXBuildFile; fileRef = DD8C137919CE3A8C00A6DAE8 /* Main.storyboard */; };
		DD8C137D19CE3A8C00A6DAE8 /* Images.xcassets in Resources */ = {isa = PBXBuildFile; fileRef = DD8C137C19CE3A8C00A6DAE8 /* Images.xcassets */; };
		DD8C138019CE3A8C00A6DAE8 /* LaunchScreen.xib in Resources */ = {isa = PBXBuildFile; fileRef = DD8C137E19CE3A8C00A6DAE8 /* LaunchScreen.xib */; };
		DD8C138C19CE3A8C00A6DAE8 /* AttrStringBugDemoTests.m in Sources */ = {isa = PBXBuildFile; fileRef = DD8C138B19CE3A8C00A6DAE8 /* AttrStringBugDemoTests.m */; };
		DD8C139719CE3A9F00A6DAE8 /* NSMutableAttributedString+hilighting.m in Sources */ = {isa = PBXBuildFile; fileRef = DD8C139619CE3A9F00A6DAE8 /* NSMutableAttributedString+hilighting.m */; };
		DD8C139A19CE3C0700A6DAE8 /* CustomCell.m in Sources */ = {isa = PBXBuildFile; fileRef = DD8C139919CE3C0700A6DAE8 /* CustomCell.m */; };
		DD8C139D19CE3D6000A6DAE8 /* Article.m in Sources */ = {isa = PBXBuildFile; fileRef = DD8C139C19CE3D6000A6DAE8 /* Article.m */; };
		DD8C139F19CE3F2C00A6DAE8 /* UIKit.framework in Frameworks */ = {isa = PBXBuildFile; fileRef = DD8C139E19CE3F2C00A6DAE8 /* UIKit.framework */; };
		DD8C13A219CE4C3A00A6DAE8 /* DocViewController.m in Sources */ = {isa = PBXBuildFile; fileRef = DD8C13A119CE4C3A00A6DAE8 /* DocViewController.m */; };
/* End PBXBuildFile section */

/* Begin PBXContainerItemProxy section */
		DD8C138619CE3A8C00A6DAE8 /* PBXContainerItemProxy */ = {
			isa = PBXContainerItemProxy;
			containerPortal = DD8C136419CE3A8C00A6DAE8 /* Project object */;
			proxyType = 1;
			remoteGlobalIDString = DD8C136B19CE3A8C00A6DAE8;
			remoteInfo = AttrStringBugDemo;
		};
/* End PBXContainerItemProxy section */

/* Begin PBXFileReference section */
		DD8C136C19CE3A8C00A6DAE8 /* AttrStringBugDemo.app */ = {isa = PBXFileReference; explicitFileType = wrapper.application; includeInIndex = 0; path = AttrStringBugDemo.app; sourceTree = BUILT_PRODUCTS_DIR; };
		DD8C137019CE3A8C00A6DAE8 /* Info.plist */ = {isa = PBXFileReference; lastKnownFileType = text.plist.xml; path = Info.plist; sourceTree = "<group>"; };
		DD8C137119CE3A8C00A6DAE8 /* main.m */ = {isa = PBXFileReference; lastKnownFileType = sourcecode.c.objc; path = main.m; sourceTree = "<group>"; };
		DD8C137319CE3A8C00A6DAE8 /* AppDelegate.h */ = {isa = PBXFileReference; lastKnownFileType = sourcecode.c.h; path = AppDelegate.h; sourceTree = "<group>"; };
		DD8C137419CE3A8C00A6DAE8 /* AppDelegate.m */ = {isa = PBXFileReference; lastKnownFileType = sourcecode.c.objc; path = AppDelegate.m; sourceTree = "<group>"; };
		DD8C137619CE3A8C00A6DAE8 /* ViewController.h */ = {isa = PBXFileReference; lastKnownFileType = sourcecode.c.h; path = ViewController.h; sourceTree = "<group>"; };
		DD8C137719CE3A8C00A6DAE8 /* ViewController.m */ = {isa = PBXFileReference; lastKnownFileType = sourcecode.c.objc; path = ViewController.m; sourceTree = "<group>"; };
		DD8C137A19CE3A8C00A6DAE8 /* Base */ = {isa = PBXFileReference; lastKnownFileType = file.storyboard; name = Base; path = Base.lproj/Main.storyboard; sourceTree = "<group>"; };
		DD8C137C19CE3A8C00A6DAE8 /* Images.xcassets */ = {isa = PBXFileReference; lastKnownFileType = folder.assetcatalog; path = Images.xcassets; sourceTree = "<group>"; };
		DD8C137F19CE3A8C00A6DAE8 /* Base */ = {isa = PBXFileReference; lastKnownFileType = file.xib; name = Base; path = Base.lproj/LaunchScreen.xib; sourceTree = "<group>"; };
		DD8C138519CE3A8C00A6DAE8 /* AttrStringBugDemoTests.xctest */ = {isa = PBXFileReference; explicitFileType = wrapper.cfbundle; includeInIndex = 0; path = AttrStringBugDemoTests.xctest; sourceTree = BUILT_PRODUCTS_DIR; };
		DD8C138A19CE3A8C00A6DAE8 /* Info.plist */ = {isa = PBXFileReference; lastKnownFileType = text.plist.xml; path = Info.plist; sourceTree = "<group>"; };
		DD8C138B19CE3A8C00A6DAE8 /* AttrStringBugDemoTests.m */ = {isa = PBXFileReference; lastKnownFileType = sourcecode.c.objc; path = AttrStringBugDemoTests.m; sourceTree = "<group>"; };
		DD8C139519CE3A9F00A6DAE8 /* NSMutableAttributedString+hilighting.h */ = {isa = PBXFileReference; fileEncoding = 4; lastKnownFileType = sourcecode.c.h; path = "NSMutableAttributedString+hilighting.h"; sourceTree = "<group>"; };
		DD8C139619CE3A9F00A6DAE8 /* NSMutableAttributedString+hilighting.m */ = {isa = PBXFileReference; fileEncoding = 4; lastKnownFileType = sourcecode.c.objc; path = "NSMutableAttributedString+hilighting.m"; sourceTree = "<group>"; };
		DD8C139819CE3C0700A6DAE8 /* CustomCell.h */ = {isa = PBXFileReference; fileEncoding = 4; lastKnownFileType = sourcecode.c.h; path = CustomCell.h; sourceTree = "<group>"; };
		DD8C139919CE3C0700A6DAE8 /* CustomCell.m */ = {isa = PBXFileReference; fileEncoding = 4; lastKnownFileType = sourcecode.c.objc; path = CustomCell.m; sourceTree = "<group>"; };
		DD8C139B19CE3D6000A6DAE8 /* Article.h */ = {isa = PBXFileReference; fileEncoding = 4; lastKnownFileType = sourcecode.c.h; path = Article.h; sourceTree = "<group>"; };
		DD8C139C19CE3D6000A6DAE8 /* Article.m */ = {isa = PBXFileReference; fileEncoding = 4; lastKnownFileType = sourcecode.c.objc; path = Article.m; sourceTree = "<group>"; };
		DD8C139E19CE3F2C00A6DAE8 /* UIKit.framework */ = {isa = PBXFileReference; lastKnownFileType = wrapper.framework; name = UIKit.framework; path = System/Library/Frameworks/UIKit.framework; sourceTree = SDKROOT; };
		DD8C13A019CE4C3A00A6DAE8 /* DocViewController.h */ = {isa = PBXFileReference; fileEncoding = 4; lastKnownFileType = sourcecode.c.h; path = DocViewController.h; sourceTree = "<group>"; };
		DD8C13A119CE4C3A00A6DAE8 /* DocViewController.m */ = {isa = PBXFileReference; fileEncoding = 4; lastKnownFileType = sourcecode.c.objc; path = DocViewController.m; sourceTree = "<group>"; };
/* End PBXFileReference section */

/* Begin PBXFrameworksBuildPhase section */
		DD8C136919CE3A8C00A6DAE8 /* Frameworks */ = {
			isa = PBXFrameworksBuildPhase;
			buildActionMask = 2147483647;
			files = (
				DD8C139F19CE3F2C00A6DAE8 /* UIKit.framework in Frameworks */,
			);
			runOnlyForDeploymentPostprocessing = 0;
		};
		DD8C138219CE3A8C00A6DAE8 /* Frameworks */ = {
			isa = PBXFrameworksBuildPhase;
			buildActionMask = 2147483647;
			files = (
			);
			runOnlyForDeploymentPostprocessing = 0;
		};
/* End PBXFrameworksBuildPhase section */

/* Begin PBXGroup section */
		DD8C136319CE3A8C00A6DAE8 = {
			isa = PBXGroup;
			children = (
				DD8C139E19CE3F2C00A6DAE8 /* UIKit.framework */,
				DD8C136E19CE3A8C00A6DAE8 /* AttrStringBugDemo */,
				DD8C138819CE3A8C00A6DAE8 /* AttrStringBugDemoTests */,
				DD8C136D19CE3A8C00A6DAE8 /* Products */,
			);
			sourceTree = "<group>";
		};
		DD8C136D19CE3A8C00A6DAE8 /* Products */ = {
			isa = PBXGroup;
			children = (
				DD8C136C19CE3A8C00A6DAE8 /* AttrStringBugDemo.app */,
				DD8C138519CE3A8C00A6DAE8 /* AttrStringBugDemoTests.xctest */,
			);
			name = Products;
			sourceTree = "<group>";
		};
		DD8C136E19CE3A8C00A6DAE8 /* AttrStringBugDemo */ = {
			isa = PBXGroup;
			children = (
				DD8C139519CE3A9F00A6DAE8 /* NSMutableAttributedString+hilighting.h */,
				DD8C139619CE3A9F00A6DAE8 /* NSMutableAttributedString+hilighting.m */,
				DD8C137319CE3A8C00A6DAE8 /* AppDelegate.h */,
				DD8C137419CE3A8C00A6DAE8 /* AppDelegate.m */,
				DD8C137619CE3A8C00A6DAE8 /* ViewController.h */,
				DD8C137719CE3A8C00A6DAE8 /* ViewController.m */,
				DD8C13A019CE4C3A00A6DAE8 /* DocViewController.h */,
				DD8C13A119CE4C3A00A6DAE8 /* DocViewController.m */,
				DD8C139819CE3C0700A6DAE8 /* CustomCell.h */,
				DD8C139919CE3C0700A6DAE8 /* CustomCell.m */,
				DD8C139B19CE3D6000A6DAE8 /* Article.h */,
				DD8C139C19CE3D6000A6DAE8 /* Article.m */,
				DD8C137919CE3A8C00A6DAE8 /* Main.storyboard */,
				DD8C137C19CE3A8C00A6DAE8 /* Images.xcassets */,
				DD8C137E19CE3A8C00A6DAE8 /* LaunchScreen.xib */,
				DD8C136F19CE3A8C00A6DAE8 /* Supporting Files */,
			);
			path = AttrStringBugDemo;
			sourceTree = "<group>";
		};
		DD8C136F19CE3A8C00A6DAE8 /* Supporting Files */ = {
			isa = PBXGroup;
			children = (
				DD8C137019CE3A8C00A6DAE8 /* Info.plist */,
				DD8C137119CE3A8C00A6DAE8 /* main.m */,
			);
			name = "Supporting Files";
			sourceTree = "<group>";
		};
		DD8C138819CE3A8C00A6DAE8 /* AttrStringBugDemoTests */ = {
			isa = PBXGroup;
			children = (
				DD8C138B19CE3A8C00A6DAE8 /* AttrStringBugDemoTests.m */,
				DD8C138919CE3A8C00A6DAE8 /* Supporting Files */,
			);
			path = AttrStringBugDemoTests;
			sourceTree = "<group>";
		};
		DD8C138919CE3A8C00A6DAE8 /* Supporting Files */ = {
			isa = PBXGroup;
			children = (
				DD8C138A19CE3A8C00A6DAE8 /* Info.plist */,
			);
			name = "Supporting Files";
			sourceTree = "<group>";
		};
/* End PBXGroup section */

/* Begin PBXNativeTarget section */
		DD8C136B19CE3A8C00A6DAE8 /* AttrStringBugDemo */ = {
			isa = PBXNativeTarget;
			buildConfigurationList = DD8C138F19CE3A8C00A6DAE8 /* Build configuration list for PBXNativeTarget "AttrStringBugDemo" */;
			buildPhases = (
				DD8C136819CE3A8C00A6DAE8 /* Sources */,
				DD8C136919CE3A8C00A6DAE8 /* Frameworks */,
				DD8C136A19CE3A8C00A6DAE8 /* Resources */,
			);
			buildRules = (
			);
			dependencies = (
			);
			name = AttrStringBugDemo;
			productName = AttrStringBugDemo;
			productReference = DD8C136C19CE3A8C00A6DAE8 /* AttrStringBugDemo.app */;
			productType = "com.apple.product-type.application";
		};
		DD8C138419CE3A8C00A6DAE8 /* AttrStringBugDemoTests */ = {
			isa = PBXNativeTarget;
			buildConfigurationList = DD8C139219CE3A8C00A6DAE8 /* Build configuration list for PBXNativeTarget "AttrStringBugDemoTests" */;
			buildPhases = (
				DD8C138119CE3A8C00A6DAE8 /* Sources */,
				DD8C138219CE3A8C00A6DAE8 /* Frameworks */,
				DD8C138319CE3A8C00A6DAE8 /* Resources */,
			);
			buildRules = (
			);
			dependencies = (
				DD8C138719CE3A8C00A6DAE8 /* PBXTargetDependency */,
			);
			name = AttrStringBugDemoTests;
			productName = AttrStringBugDemoTests;
			productReference = DD8C138519CE3A8C00A6DAE8 /* AttrStringBugDemoTests.xctest */;
			productType = "com.apple.product-type.bundle.unit-test";
		};
/* End PBXNativeTarget section */

/* Begin PBXProject section */
		DD8C136419CE3A8C00A6DAE8 /* Project object */ = {
			isa = PBXProject;
			attributes = {
				LastUpgradeCheck = 0600;
				ORGANIZATIONNAME = "Reid Belton";
				TargetAttributes = {
					DD8C136B19CE3A8C00A6DAE8 = {
						CreatedOnToolsVersion = 6.0;
					};
					DD8C138419CE3A8C00A6DAE8 = {
						CreatedOnToolsVersion = 6.0;
						TestTargetID = DD8C136B19CE3A8C00A6DAE8;
					};
				};
			};
			buildConfigurationList = DD8C136719CE3A8C00A6DAE8 /* Build configuration list for PBXProject "AttrStringBugDemo" */;
			compatibilityVersion = "Xcode 3.2";
			developmentRegion = English;
			hasScannedForEncodings = 0;
			knownRegions = (
				en,
				Base,
			);
			mainGroup = DD8C136319CE3A8C00A6DAE8;
			productRefGroup = DD8C136D19CE3A8C00A6DAE8 /* Products */;
			projectDirPath = "";
			projectRoot = "";
			targets = (
				DD8C136B19CE3A8C00A6DAE8 /* AttrStringBugDemo */,
				DD8C138419CE3A8C00A6DAE8 /* AttrStringBugDemoTests */,
			);
		};
/* End PBXProject section */

/* Begin PBXResourcesBuildPhase section */
		DD8C136A19CE3A8C00A6DAE8 /* Resources */ = {
			isa = PBXResourcesBuildPhase;
			buildActionMask = 2147483647;
			files = (
				DD8C137B19CE3A8C00A6DAE8 /* Main.storyboard in Resources */,
				DD8C138019CE3A8C00A6DAE8 /* LaunchScreen.xib in Resources */,
				DD8C137D19CE3A8C00A6DAE8 /* Images.xcassets in Resources */,
			);
			runOnlyForDeploymentPostprocessing = 0;
		};
		DD8C138319CE3A8C00A6DAE8 /* Resources */ = {
			isa = PBXResourcesBuildPhase;
			buildActionMask = 2147483647;
			files = (
			);
			runOnlyForDeploymentPostprocessing = 0;
		};
/* End PBXResourcesBuildPhase section */

/* Begin PBXSourcesBuildPhase section */
		DD8C136819CE3A8C00A6DAE8 /* Sources */ = {
			isa = PBXSourcesBuildPhase;
			buildActionMask = 2147483647;
			files = (
				DD8C137819CE3A8C00A6DAE8 /* ViewController.m in Sources */,
				DD8C139719CE3A9F00A6DAE8 /* NSMutableAttributedString+hilighting.m in Sources */,
				DD8C139D19CE3D6000A6DAE8 /* Article.m in Sources */,
				DD8C13A219CE4C3A00A6DAE8 /* DocViewController.m in Sources */,
				DD8C137519CE3A8C00A6DAE8 /* AppDelegate.m in Sources */,
				DD8C137219CE3A8C00A6DAE8 /* main.m in Sources */,
				DD8C139A19CE3C0700A6DAE8 /* CustomCell.m in Sources */,
			);
			runOnlyForDeploymentPostprocessing = 0;
		};
		DD8C138119CE3A8C00A6DAE8 /* Sources */ = {
			isa = PBXSourcesBuildPhase;
			buildActionMask = 2147483647;
			files = (
				DD8C138C19CE3A8C00A6DAE8 /* AttrStringBugDemoTests.m in Sources */,
			);
			runOnlyForDeploymentPostprocessing = 0;
		};
/* End PBXSourcesBuildPhase section */

/* Begin PBXTargetDependency section */
		DD8C138719CE3A8C00A6DAE8 /* PBXTargetDependency */ = {
			isa = PBXTargetDependency;
			target = DD8C136B19CE3A8C00A6DAE8 /* AttrStringBugDemo */;
			targetProxy = DD8C138619CE3A8C00A6DAE8 /* PBXContainerItemProxy */;
		};
/* End PBXTargetDependency section */

/* Begin PBXVariantGroup section */
		DD8C137919CE3A8C00A6DAE8 /* Main.storyboard */ = {
			isa = PBXVariantGroup;
			children = (
				DD8C137A19CE3A8C00A6DAE8 /* Base */,
			);
			name = Main.storyboard;
			sourceTree = "<group>";
		};
		DD8C137E19CE3A8C00A6DAE8 /* LaunchScreen.xib */ = {
			isa = PBXVariantGroup;
			children = (
				DD8C137F19CE3A8C00A6DAE8 /* Base */,
			);
			name = LaunchScreen.xib;
			sourceTree = "<group>";
		};
/* End PBXVariantGroup section */

/* Begin XCBuildConfiguration section */
		DD8C138D19CE3A8C00A6DAE8 /* Debug */ = {
			isa = XCBuildConfiguration;
			buildSettings = {
				ALWAYS_SEARCH_USER_PATHS = NO;
				CLANG_CXX_LANGUAGE_STANDARD = "gnu++0x";
				CLANG_CXX_LIBRARY = "libc++";
				CLANG_ENABLE_MODULES = YES;
				CLANG_ENABLE_OBJC_ARC = YES;
				CLANG_WARN_BOOL_CONVERSION = YES;
				CLANG_WARN_CONSTANT_CONVERSION = YES;
				CLANG_WARN_DIRECT_OBJC_ISA_USAGE = YES_ERROR;
				CLANG_WARN_EMPTY_BODY = YES;
				CLANG_WARN_ENUM_CONVERSION = YES;
				CLANG_WARN_INT_CONVERSION = YES;
				CLANG_WARN_OBJC_ROOT_CLASS = YES_ERROR;
				CLANG_WARN_UNREACHABLE_CODE = YES;
				CLANG_WARN__DUPLICATE_METHOD_MATCH = YES;
				"CODE_SIGN_IDENTITY[sdk=iphoneos*]" = "iPhone Developer";
				COPY_PHASE_STRIP = NO;
				ENABLE_STRICT_OBJC_MSGSEND = YES;
				GCC_C_LANGUAGE_STANDARD = gnu99;
				GCC_DYNAMIC_NO_PIC = NO;
				GCC_OPTIMIZATION_LEVEL = 0;
				GCC_PREPROCESSOR_DEFINITIONS = (
					"DEBUG=1",
					"$(inherited)",
				);
				GCC_SYMBOLS_PRIVATE_EXTERN = NO;
				GCC_WARN_64_TO_32_BIT_CONVERSION = YES;
				GCC_WARN_ABOUT_RETURN_TYPE = YES_ERROR;
				GCC_WARN_UNDECLARED_SELECTOR = YES;
				GCC_WARN_UNINITIALIZED_AUTOS = YES_AGGRESSIVE;
				GCC_WARN_UNUSED_FUNCTION = YES;
				GCC_WARN_UNUSED_VARIABLE = YES;
				IPHONEOS_DEPLOYMENT_TARGET = 8.0;
				MTL_ENABLE_DEBUG_INFO = YES;
				ONLY_ACTIVE_ARCH = YES;
				SDKROOT = iphoneos;
			};
			name = Debug;
		};
		DD8C138E19CE3A8C00A6DAE8 /* Release */ = {
			isa = XCBuildConfiguration;
			buildSettings = {
				ALWAYS_SEARCH_USER_PATHS = NO;
				CLANG_CXX_LANGUAGE_STANDARD = "gnu++0x";
				CLANG_CXX_LIBRARY = "libc++";
				CLANG_ENABLE_MODULES = YES;
				CLANG_ENABLE_OBJC_ARC = YES;
				CLANG_WARN_BOOL_CONVERSION = YES;
				CLANG_WARN_CONSTANT_CONVERSION = YES;
				CLANG_WARN_DIRECT_OBJC_ISA_USAGE = YES_ERROR;
				CLANG_WARN_EMPTY_BODY = YES;
				CLANG_WARN_ENUM_CONVERSION = YES;
				CLANG_WARN_INT_CONVERSION = YES;
				CLANG_WARN_OBJC_ROOT_CLASS = YES_ERROR;
				CLANG_WARN_UNREACHABLE_CODE = YES;
				CLANG_WARN__DUPLICATE_METHOD_MATCH = YES;
				"CODE_SIGN_IDENTITY[sdk=iphoneos*]" = "iPhone Developer";
				COPY_PHASE_STRIP = YES;
				ENABLE_NS_ASSERTIONS = NO;
				ENABLE_STRICT_OBJC_MSGSEND = YES;
				GCC_C_LANGUAGE_STANDARD = gnu99;
				GCC_WARN_64_TO_32_BIT_CONVERSION = YES;
				GCC_WARN_ABOUT_RETURN_TYPE = YES_ERROR;
				GCC_WARN_UNDECLARED_SELECTOR = YES;
				GCC_WARN_UNINITIALIZED_AUTOS = YES_AGGRESSIVE;
				GCC_WARN_UNUSED_FUNCTION = YES;
				GCC_WARN_UNUSED_VARIABLE = YES;
				IPHONEOS_DEPLOYMENT_TARGET = 8.0;
				MTL_ENABLE_DEBUG_INFO = NO;
				SDKROOT = iphoneos;
				VALIDATE_PRODUCT = YES;
			};
			name = Release;
		};
		DD8C139019CE3A8C00A6DAE8 /* Debug */ = {
			isa = XCBuildConfiguration;
			buildSettings = {
				ASSETCATALOG_COMPILER_APPICON_NAME = AppIcon;
				INFOPLIST_FILE = AttrStringBugDemo/Info.plist;
				LD_RUNPATH_SEARCH_PATHS = "$(inherited) @executable_path/Frameworks";
				PRODUCT_NAME = "$(TARGET_NAME)";
			};
			name = Debug;
		};
		DD8C139119CE3A8C00A6DAE8 /* Release */ = {
			isa = XCBuildConfiguration;
			buildSettings = {
				ASSETCATALOG_COMPILER_APPICON_NAME = AppIcon;
				INFOPLIST_FILE = AttrStringBugDemo/Info.plist;
				LD_RUNPATH_SEARCH_PATHS = "$(inherited) @executable_path/Frameworks";
				PRODUCT_NAME = "$(TARGET_NAME)";
			};
			name = Release;
		};
		DD8C139319CE3A8C00A6DAE8 /* Debug */ = {
			isa = XCBuildConfiguration;
			buildSettings = {
				BUNDLE_LOADER = "$(TEST_HOST)";
				FRAMEWORK_SEARCH_PATHS = (
					"$(SDKROOT)/Developer/Library/Frameworks",
					"$(inherited)",
				);
				GCC_PREPROCESSOR_DEFINITIONS = (
					"DEBUG=1",
					"$(inherited)",
				);
				INFOPLIST_FILE = AttrStringBugDemoTests/Info.plist;
				LD_RUNPATH_SEARCH_PATHS = "$(inherited) @executable_path/Frameworks @loader_path/Frameworks";
				PRODUCT_NAME = "$(TARGET_NAME)";
				TEST_HOST = "$(BUILT_PRODUCTS_DIR)/AttrStringBugDemo.app/AttrStringBugDemo";
			};
			name = Debug;
		};
		DD8C139419CE3A8C00A6DAE8 /* Release */ = {
			isa = XCBuildConfiguration;
			buildSettings = {
				BUNDLE_LOADER = "$(TEST_HOST)";
				FRAMEWORK_SEARCH_PATHS = (
					"$(SDKROOT)/Developer/Library/Frameworks",
					"$(inherited)",
				);
				INFOPLIST_FILE = AttrStringBugDemoTests/Info.plist;
				LD_RUNPATH_SEARCH_PATHS = "$(inherited) @executable_path/Frameworks @loader_path/Frameworks";
				PRODUCT_NAME = "$(TARGET_NAME)";
				TEST_HOST = "$(BUILT_PRODUCTS_DIR)/AttrStringBugDemo.app/AttrStringBugDemo";
			};
			name = Release;
		};
/* End XCBuildConfiguration section */

/* Begin XCConfigurationList section */
		DD8C136719CE3A8C00A6DAE8 /* Build configuration list for PBXProject "AttrStringBugDemo" */ = {
			isa = XCConfigurationList;
			buildConfigurations = (
				DD8C138D19CE3A8C00A6DAE8 /* Debug */,
				DD8C138E19CE3A8C00A6DAE8 /* Release */,
			);
			defaultConfigurationIsVisible = 0;
			defaultConfigurationName = Release;
		};
		DD8C138F19CE3A8C00A6DAE8 /* Build configuration list for PBXNativeTarget "AttrStringBugDemo" */ = {
			isa = XCConfigurationList;
			buildConfigurations = (
				DD8C139019CE3A8C00A6DAE8 /* Debug */,
				DD8C139119CE3A8C00A6DAE8 /* Release */,
			);
			defaultConfigurationIsVisible = 0;
			defaultConfigurationName = Release;
		};
		DD8C139219CE3A8C00A6DAE8 /* Build configuration list for PBXNativeTarget "AttrStringBugDemoTests" */ = {
			isa = XCConfigurationList;
			buildConfigurations = (
				DD8C139319CE3A8C00A6DAE8 /* Debug */,
				DD8C139419CE3A8C00A6DAE8 /* Release */,
			);
			defaultConfigurationIsVisible = 0;
			defaultConfigurationName = Release;
		};
/* End XCConfigurationList section */
	};
	rootObject = DD8C136419CE3A8C00A6DAE8 /* Project object */;
}
